<Solution>
  <Folder Name="/Library/">
    <Project Path="MysqlDatabaseConnectionLibrary/MysqlDatabaseConnectionLibrary.csproj" Id="f46eb850-bdc0-48bb-83b4-760c4b0170f7" />
    <Project Path="ResponseMessageLibrary/ResponseMessageLibrary.csproj" Id="aa861690-89f3-4882-bf2e-a570656bfc98" />
  </Folder>
  <Folder Name="/Testing/">
    <Project Path="UnitTesting/UnitTesting.csproj" Id="129e027b-127f-4288-8441-360aeb5af326" />
  </Folder>
  <Folder Name="/v1/">
    <Project Path="v1/TugasBesar/TugasBesar.csproj" Id="72916b15-935f-4077-a1c0-898fa802cd2c" />
  </Folder>
  <Project Path="MugiBerkahAPI/MugiBerkahAPI.csproj" />
  <Project Path="src/TugasBesar.App/TugasBesar.App.csproj" />
  <Project Path="src/TugasBesar.Core/TugasBesar.Core.csproj" />
  <Project Path="TugasBesar.Localization/TugasBesar.Localization..csproj" Id="4d37fd46-8a6d-42c5-a4f7-134d53d81df3" />
</Solution>
